
Microsoft Visual Studio Solution File, Format Version 11.00
# Visual Studio 2010
Project("{F184B08F-C81C-45F6-A57F-5ABD9991F28F}") = "MissionsBid", "MissionsBid\MissionsBid.vbproj", "{8B1F326E-5FE6-4C04-86A1-ABB9C000E2BA}"
EndProject
Global
	GlobalSection(SolutionConfigurationPlatforms) = preSolution
		Debug|Any CPU = Debug|Any CPU
		Release|Any CPU = Release|Any CPU
	EndGlobalSection
	GlobalSection(ProjectConfigurationPlatforms) = postSolution
		{8B1F326E-5FE6-4C04-86A1-ABB9C000E2BA}.Debug|Any CPU.ActiveCfg = Debug|Any CPU
		{8B1F326E-5FE6-4C04-86A1-ABB9C000E2BA}.Debug|Any CPU.Build.0 = Debug|Any CPU
		{8B1F326E-5FE6-4C04-86A1-ABB9C000E2BA}.Release|Any CPU.ActiveCfg = Release|Any CPU
		{8B1F326E-5FE6-4C04-86A1-ABB9C000E2BA}.Release|Any CPU.Build.0 = Release|Any CPU
	EndGlobalSection
	GlobalSection(SolutionProperties) = preSolution
		HideSolutionNode = FALSE
	EndGlobalSection
EndGlobal
